
Microsoft Visual Studio Solution File, Format Version 12.00
# Visual Studio Version 17
VisualStudioVersion = 17.9.34723.18
MinimumVisualStudioVersion = 10.0.40219.1
Project("{FAE04EC0-301F-11D3-BF4B-00C04F79EFBC}") = "Statki", "Statki\Statki.csproj", "{20A504E5-5134-437C-A50B-522001F9717B}"
EndProject
Global
	GlobalSection(SolutionConfigurationPlatforms) = preSolution
		Debug|Any CPU = Debug|Any CPU
		Release|Any CPU = Release|Any CPU
	EndGlobalSection
	GlobalSection(ProjectConfigurationPlatforms) = postSolution
		{20A504E5-5134-437C-A50B-522001F9717B}.Debug|Any CPU.ActiveCfg = Debug|Any CPU
		{20A504E5-5134-437C-A50B-522001F9717B}.Debug|Any CPU.Build.0 = Debug|Any CPU
		{20A504E5-5134-437C-A50B-522001F9717B}.Release|Any CPU.ActiveCfg = Release|Any CPU
		{20A504E5-5134-437C-A50B-522001F9717B}.Release|Any CPU.Build.0 = Release|Any CPU
	EndGlobalSection
	GlobalSection(SolutionProperties) = preSolution
		HideSolutionNode = FALSE
	EndGlobalSection
	GlobalSection(ExtensibilityGlobals) = postSolution
		SolutionGuid = {18842420-EBEE-4128-A859-8C28AC968AE2}
	EndGlobalSection
EndGlobal
